{
  "version": 3,
  "targets": {
    "net9.0": {
      "ppy.SDL2-CS/1.0.82": {
        "type": "package",
        "compile": {
          "lib/netstandard2.0/SDL2-CS.dll": {}
        },
        "runtime": {
          "lib/netstandard2.0/SDL2-CS.dll": {}
        },
        "contentFiles": {
          "contentFiles/any/netstandard2.0/app.config": {
            "buildAction": "Content",
            "codeLanguage": "any",
            "copyToOutput": false
          }
        },
        "runtimeTargets": {
          "runtimes/linux-x64/native/libSDL2.so": {
            "assetType": "native",
            "rid": "linux-x64"
          },
          "runtimes/linux-x86/native/libSDL2.so": {
            "assetType": "native",
            "rid": "linux-x86"
          },
          "runtimes/osx-x64/native/libSDL2.dylib": {
            "assetType": "native",
            "rid": "osx-x64"
          },
          "runtimes/win-x64/native/SDL2.dll": {
            "assetType": "native",
            "rid": "win-x64"
          },
          "runtimes/win-x86/native/SDL2.dll": {
            "assetType": "native",
            "rid": "win-x86"
          }
        }
      },
      "System.Text.Json/9.0.2": {
        "type": "package",
        "compile": {
          "lib/net9.0/System.Text.Json.dll": {
            "related": ".xml"
          }
        },
        "runtime": {
          "lib/net9.0/System.Text.Json.dll": {
            "related": ".xml"
          }
        },
        "build": {
          "buildTransitive/net8.0/System.Text.Json.targets": {}
        }
      }
    }
  },
  "libraries": {
    "ppy.SDL2-CS/1.0.82": {
      "sha512": "bFqADOpmHENMqs/tysmxhnD3vS+Ka0xDRQJIv4V04Ym5l/brB9opdxNC/NXcmJN2yiTSkkuYZgJ8bxA4ts4jHw==",
      "type": "package",
      "path": "ppy.sdl2-cs/1.0.82",
      "files": [
        ".nupkg.metadata",
        ".signature.p7s",
        "content/app.config",
        "contentFiles/any/netstandard2.0/app.config",
        "lib/netstandard2.0/SDL2-CS.dll",
        "ppy.sdl2-cs.1.0.82.nupkg.sha512",
        "ppy.sdl2-cs.nuspec",
        "runtimes/linux-x64/native/libSDL2.so",
        "runtimes/linux-x86/native/libSDL2.so",
        "runtimes/osx-x64/native/libSDL2.dylib",
        "runtimes/win-x64/native/SDL2.dll",
        "runtimes/win-x86/native/SDL2.dll"
      ]
    },
    "System.Text.Json/9.0.2": {
      "sha512": "4TY2Yokh5Xp8XHFhsY9y84yokS7B0rhkaZCXuRiKppIiKwPVH4lVSFD9EEFzRpXdBM5ZeZXD43tc2vB6njEwwQ==",
      "type": "package",
      "path": "system.text.json/9.0.2",
      "files": [
        ".nupkg.metadata",
        ".signature.p7s",
        "Icon.png",
        "LICENSE.TXT",
        "PACKAGE.md",
        "THIRD-PARTY-NOTICES.TXT",
        "analyzers/dotnet/roslyn3.11/cs/System.Text.Json.SourceGeneration.dll",
        "analyzers/dotnet/roslyn3.11/cs/cs/System.Text.Json.SourceGeneration.resources.dll",
        "analyzers/dotnet/roslyn3.11/cs/de/System.Text.Json.SourceGeneration.resources.dll",
        "analyzers/dotnet/roslyn3.11/cs/es/System.Text.Json.SourceGeneration.resources.dll",
        "analyzers/dotnet/roslyn3.11/cs/fr/System.Text.Json.SourceGeneration.resources.dll",
        "analyzers/dotnet/roslyn3.11/cs/it/System.Text.Json.SourceGeneration.resources.dll",
        "analyzers/dotnet/roslyn3.11/cs/ja/System.Text.Json.SourceGeneration.resources.dll",
        "analyzers/dotnet/roslyn3.11/cs/ko/System.Text.Json.SourceGeneration.resources.dll",
        "analyzers/dotnet/roslyn3.11/cs/pl/System.Text.Json.SourceGeneration.resources.dll",
        "analyzers/dotnet/roslyn3.11/cs/pt-BR/System.Text.Json.SourceGeneration.resources.dll",
        "analyzers/dotnet/roslyn3.11/cs/ru/System.Text.Json.SourceGeneration.resources.dll",
        "analyzers/dotnet/roslyn3.11/cs/tr/System.Text.Json.SourceGeneration.resources.dll",
        "analyzers/dotnet/roslyn3.11/cs/zh-Hans/System.Text.Json.SourceGeneration.resources.dll",
        "analyzers/dotnet/roslyn3.11/cs/zh-Hant/System.Text.Json.SourceGeneration.resources.dll",
        "analyzers/dotnet/roslyn4.0/cs/System.Text.Json.SourceGeneration.dll",
        "analyzers/dotnet/roslyn4.0/cs/cs/System.Text.Json.SourceGeneration.resources.dll",
        "analyzers/dotnet/roslyn4.0/cs/de/System.Text.Json.SourceGeneration.resources.dll",
        "analyzers/dotnet/roslyn4.0/cs/es/System.Text.Json.SourceGeneration.resources.dll",
        "analyzers/dotnet/roslyn4.0/cs/fr/System.Text.Json.SourceGeneration.resources.dll",
        "analyzers/dotnet/roslyn4.0/cs/it/System.Text.Json.SourceGeneration.resources.dll",
        "analyzers/dotnet/roslyn4.0/cs/ja/System.Text.Json.SourceGeneration.resources.dll",
        "analyzers/dotnet/roslyn4.0/cs/ko/System.Text.Json.SourceGeneration.resources.dll",
        "analyzers/dotnet/roslyn4.0/cs/pl/System.Text.Json.SourceGeneration.resources.dll",
        "analyzers/dotnet/roslyn4.0/cs/pt-BR/System.Text.Json.SourceGeneration.resources.dll",
        "analyzers/dotnet/roslyn4.0/cs/ru/System.Text.Json.SourceGeneration.resources.dll",
        "analyzers/dotnet/roslyn4.0/cs/tr/System.Text.Json.SourceGeneration.resources.dll",
        "analyzers/dotnet/roslyn4.0/cs/zh-Hans/System.Text.Json.SourceGeneration.resources.dll",
        "analyzers/dotnet/roslyn4.0/cs/zh-Hant/System.Text.Json.SourceGeneration.resources.dll",
        "analyzers/dotnet/roslyn4.4/cs/System.Text.Json.SourceGeneration.dll",
        "analyzers/dotnet/roslyn4.4/cs/cs/System.Text.Json.SourceGeneration.resources.dll",
        "analyzers/dotnet/roslyn4.4/cs/de/System.Text.Json.SourceGeneration.resources.dll",
        "analyzers/dotnet/roslyn4.4/cs/es/System.Text.Json.SourceGeneration.resources.dll",
        "analyzers/dotnet/roslyn4.4/cs/fr/System.Text.Json.SourceGeneration.resources.dll",
        "analyzers/dotnet/roslyn4.4/cs/it/System.Text.Json.SourceGeneration.resources.dll",
        "analyzers/dotnet/roslyn4.4/cs/ja/System.Text.Json.SourceGeneration.resources.dll",
        "analyzers/dotnet/roslyn4.4/cs/ko/System.Text.Json.SourceGeneration.resources.dll",
        "analyzers/dotnet/roslyn4.4/cs/pl/System.Text.Json.SourceGeneration.resources.dll",
        "analyzers/dotnet/roslyn4.4/cs/pt-BR/System.Text.Json.SourceGeneration.resources.dll",
        "analyzers/dotnet/roslyn4.4/cs/ru/System.Text.Json.SourceGeneration.resources.dll",
        "analyzers/dotnet/roslyn4.4/cs/tr/System.Text.Json.SourceGeneration.resources.dll",
        "analyzers/dotnet/roslyn4.4/cs/zh-Hans/System.Text.Json.SourceGeneration.resources.dll",
        "analyzers/dotnet/roslyn4.4/cs/zh-Hant/System.Text.Json.SourceGeneration.resources.dll",
        "buildTransitive/net461/System.Text.Json.targets",
        "buildTransitive/net462/System.Text.Json.targets",
        "buildTransitive/net8.0/System.Text.Json.targets",
        "buildTransitive/netcoreapp2.0/System.Text.Json.targets",
        "buildTransitive/netstandard2.0/System.Text.Json.targets",
        "lib/net462/System.Text.Json.dll",
        "lib/net462/System.Text.Json.xml",
        "lib/net8.0/System.Text.Json.dll",
        "lib/net8.0/System.Text.Json.xml",
        "lib/net9.0/System.Text.Json.dll",
        "lib/net9.0/System.Text.Json.xml",
        "lib/netstandard2.0/System.Text.Json.dll",
        "lib/netstandard2.0/System.Text.Json.xml",
        "system.text.json.9.0.2.nupkg.sha512",
        "system.text.json.nuspec",
        "useSharedDesignerContext.txt"
      ]
    }
  },
  "projectFileDependencyGroups": {
    "net9.0": [
      "System.Text.Json >= 9.0.2",
      "ppy.SDL2-CS >= 1.0.82"
    ]
  },
  "packageFolders": {
    "C:\\Users\\dlgus\\.nuget\\packages\\": {}
  },
  "project": {
    "version": "1.0.0",
    "restore": {
      "projectUniqueName": "D:\\Verity\\Engine\\Verity.Input\\Verity.Input.csproj",
      "projectName": "Verity.Input",
      "projectPath": "D:\\Verity\\Engine\\Verity.Input\\Verity.Input.csproj",
      "packagesPath": "C:\\Users\\dlgus\\.nuget\\packages\\",
      "outputPath": "D:\\Verity\\Engine\\Verity.Input\\obj_codex\\",
      "projectStyle": "PackageReference",
      "configFilePaths": [
        "C:\\Users\\dlgus\\AppData\\Roaming\\NuGet\\NuGet.Config"
      ],
      "originalTargetFrameworks": [
        "net9.0"
      ],
      "sources": {
        "https://api.nuget.org/v3/index.json": {}
      },
      "frameworks": {
        "net9.0": {
          "targetAlias": "net9.0",
          "projectReferences": {}
        }
      },
      "warningProperties": {
        "warnAsError": [
          "NU1605"
        ]
      },
      "restoreAuditProperties": {
        "enableAudit": "true",
        "auditLevel": "low",
        "auditMode": "direct"
      },
      "SdkAnalysisLevel": "9.0.200"
    },
    "frameworks": {
      "net9.0": {
        "targetAlias": "net9.0",
        "dependencies": {
          "System.Text.Json": {
            "target": "Package",
            "version": "[9.0.2, )"
          },
          "ppy.SDL2-CS": {
            "target": "Package",
            "version": "[1.0.82, )"
          }
        },
        "imports": [
          "net461",
          "net462",
          "net47",
          "net471",
          "net472",
          "net48",
          "net481"
        ],
        "assetTargetFallback": true,
        "warn": true,
        "frameworkReferences": {
          "Microsoft.NETCore.App": {
            "privateAssets": "all"
          }
        },
        "runtimeIdentifierGraphPath": "C:\\Program Files\\dotnet\\sdk\\9.0.203/PortableRuntimeIdentifierGraph.json"
      }
    }
  }
}